
Microsoft Visual Studio Solution File, Format Version 12.00
# Visual Studio Version 17
VisualStudioVersion = 17.8.34525.116
MinimumVisualStudioVersion = 10.0.40219.1
Project("{FAE04EC0-301F-11D3-BF4B-00C04F79EFBC}") = "RazorPagesMovie", "RazorPagesMovie\RazorPagesMovie.csproj", "{45B0D8AD-3287-4484-945B-7FA9AEC06DAF}"
EndProject
Global
	GlobalSection(SolutionConfigurationPlatforms) = preSolution
		Debug|Any CPU = Debug|Any CPU
		Release|Any CPU = Release|Any CPU
	EndGlobalSection
	GlobalSection(ProjectConfigurationPlatforms) = postSolution
		{45B0D8AD-3287-4484-945B-7FA9AEC06DAF}.Debug|Any CPU.ActiveCfg = Debug|Any CPU
		{45B0D8AD-3287-4484-945B-7FA9AEC06DAF}.Debug|Any CPU.Build.0 = Debug|Any CPU
		{45B0D8AD-3287-4484-945B-7FA9AEC06DAF}.Release|Any CPU.ActiveCfg = Release|Any CPU
		{45B0D8AD-3287-4484-945B-7FA9AEC06DAF}.Release|Any CPU.Build.0 = Release|Any CPU
	EndGlobalSection
	GlobalSection(SolutionProperties) = preSolution
		HideSolutionNode = FALSE
	EndGlobalSection
	GlobalSection(ExtensibilityGlobals) = postSolution
		SolutionGuid = {EF6C6AF0-AF0C-411E-930B-099DB1A415F1}
	EndGlobalSection
EndGlobal
